
Microsoft Visual Studio Solution File, Format Version 12.00
# Visual Studio 14
VisualStudioVersion = 14.0.25420.1
MinimumVisualStudioVersion = 10.0.40219.1
Project("{FAE04EC0-301F-11D3-BF4B-00C04F79EFBC}") = "GitCodeReview", "GitCodeReview\GitCodeReview.csproj", "{38E2244F-30B0-49ED-8CCC-6A95240B9E2B}"
EndProject
Project("{FAE04EC0-301F-11D3-BF4B-00C04F79EFBC}") = "GitCodeReviewTests", "GitCodeReviewTests\GitCodeReviewTests.csproj", "{0A70B3D7-2CE1-4C29-8CB9-B8AFACEDE913}"
EndProject
Global
	GlobalSection(SolutionConfigurationPlatforms) = preSolution
		Debug|Any CPU = Debug|Any CPU
		Release|Any CPU = Release|Any CPU
	EndGlobalSection
	GlobalSection(ProjectConfigurationPlatforms) = postSolution
		{38E2244F-30B0-49ED-8CCC-6A95240B9E2B}.Debug|Any CPU.ActiveCfg = Debug|Any CPU
		{38E2244F-30B0-49ED-8CCC-6A95240B9E2B}.Debug|Any CPU.Build.0 = Debug|Any CPU
		{38E2244F-30B0-49ED-8CCC-6A95240B9E2B}.Release|Any CPU.ActiveCfg = Release|Any CPU
		{38E2244F-30B0-49ED-8CCC-6A95240B9E2B}.Release|Any CPU.Build.0 = Release|Any CPU
		{0A70B3D7-2CE1-4C29-8CB9-B8AFACEDE913}.Debug|Any CPU.ActiveCfg = Debug|Any CPU
		{0A70B3D7-2CE1-4C29-8CB9-B8AFACEDE913}.Debug|Any CPU.Build.0 = Debug|Any CPU
		{0A70B3D7-2CE1-4C29-8CB9-B8AFACEDE913}.Release|Any CPU.ActiveCfg = Release|Any CPU
		{0A70B3D7-2CE1-4C29-8CB9-B8AFACEDE913}.Release|Any CPU.Build.0 = Release|Any CPU
	EndGlobalSection
	GlobalSection(SolutionProperties) = preSolution
		HideSolutionNode = FALSE
	EndGlobalSection
EndGlobal
